// !$*UTF8*$!
{
	archiveVersion = 1;
	classes = {
	};
	objectVersion = 46;
	objects = {

/* Begin PBXBuildFile section */
		545953A91C0C86A300272024 /* Assets.bundle in Resources */ = {isa = PBXBuildFile; fileRef = 545953A81C0C86A300272024 /* Assets.bundle */; };
		547B097A1C119D4200979EF3 /* YouTubeSearchResultVideo.m in Sources */ = {isa = PBXBuildFile; fileRef = 547B09791C119D4200979EF3 /* YouTubeSearchResultVideo.m */; };
		54A65A5D1C204DED00CC11A1 /* YoutubePresentedViewController.m in Sources */ = {isa = PBXBuildFile; fileRef = 54A65A5C1C204DED00CC11A1 /* YoutubePresentedViewController.m */; };
		54A65A601C214BEE00CC11A1 /* YouTubeSearchResult.m in Sources */ = {isa = PBXBuildFile; fileRef = 54A65A5F1C214BEE00CC11A1 /* YouTubeSearchResult.m */; };
		54A65A631C214E7C00CC11A1 /* YouTubeSearchResultChannel.m in Sources */ = {isa = PBXBuildFile; fileRef = 54A65A621C214E7C00CC11A1 /* YouTubeSearchResultChannel.m */; };
		9DBF3131FE9309A1D9AD55CF /* libPods-YouTube.a in Frameworks */ = {isa = PBXBuildFile; fileRef = A0D107569415E49ABA70229F /* libPods-YouTube.a */; };
		AC21C9DC1C048ECC00C7CD12 /* SearchResultsTableViewCell.m in Sources */ = {isa = PBXBuildFile; fileRef = AC21C9DA1C048ECC00C7CD12 /* SearchResultsTableViewCell.m */; };
		AC21C9DD1C048ECC00C7CD12 /* SearchResultsTableViewCell.xib in Resources */ = {isa = PBXBuildFile; fileRef = AC21C9DB1C048ECC00C7CD12 /* SearchResultsTableViewCell.xib */; };
		AC21C9E21C070F1200C7CD12 /* VideoViewController.m in Sources */ = {isa = PBXBuildFile; fileRef = AC21C9E01C070F1200C7CD12 /* VideoViewController.m */; };
		AC21C9E31C070F1200C7CD12 /* VideoViewController.xib in Resources */ = {isa = PBXBuildFile; fileRef = AC21C9E11C070F1200C7CD12 /* VideoViewController.xib */; };
		AC605A601BFF1A1C00D22285 /* main.m in Sources */ = {isa = PBXBuildFile; fileRef = AC605A5F1BFF1A1C00D22285 /* main.m */; };
		AC605A631BFF1A1C00D22285 /* AppDelegate.m in Sources */ = {isa = PBXBuildFile; fileRef = AC605A621BFF1A1C00D22285 /* AppDelegate.m */; };
		AC605A691BFF1A1C00D22285 /* Main.storyboard in Resources */ = {isa = PBXBuildFile; fileRef = AC605A671BFF1A1C00D22285 /* Main.storyboard */; };
		AC605A6C1BFF1A1C00D22285 /* YouTube.xcdatamodeld in Sources */ = {isa = PBXBuildFile; fileRef = AC605A6A1BFF1A1C00D22285 /* YouTube.xcdatamodeld */; };
		AC605A6E1BFF1A1C00D22285 /* Assets.xcassets in Resources */ = {isa = PBXBuildFile; fileRef = AC605A6D1BFF1A1C00D22285 /* Assets.xcassets */; };
		AC605A711BFF1A1C00D22285 /* LaunchScreen.storyboard in Resources */ = {isa = PBXBuildFile; fileRef = AC605A6F1BFF1A1C00D22285 /* LaunchScreen.storyboard */; };
		AC605A7C1BFF1A1D00D22285 /* YouTubeTests.m in Sources */ = {isa = PBXBuildFile; fileRef = AC605A7B1BFF1A1D00D22285 /* YouTubeTests.m */; };
		AC605A871BFF1A1D00D22285 /* YouTubeUITests.m in Sources */ = {isa = PBXBuildFile; fileRef = AC605A861BFF1A1D00D22285 /* YouTubeUITests.m */; };
		ACC88C7F1C03133100A6A42E /* YouTubeApiManager.m in Sources */ = {isa = PBXBuildFile; fileRef = ACC88C7E1C03133100A6A42E /* YouTubeApiManager.m */; };
		ACC88C841C033B8800A6A42E /* NSURL+YouTubeAdditions.m in Sources */ = {isa = PBXBuildFile; fileRef = ACC88C831C033B8800A6A42E /* NSURL+YouTubeAdditions.m */; };
		ACC88C8C1C034CF500A6A42E /* SearchViewController.m in Sources */ = {isa = PBXBuildFile; fileRef = ACC88C8A1C034CF500A6A42E /* SearchViewController.m */; };
		ACDFE57F1BFF3BA000C143D7 /* HomeScreenViewController.m in Sources */ = {isa = PBXBuildFile; fileRef = ACDFE57E1BFF3BA000C143D7 /* HomeScreenViewController.m */; };
		ACDFE5821BFF3D4000C143D7 /* SubscriptionsViewController.m in Sources */ = {isa = PBXBuildFile; fileRef = ACDFE5811BFF3D4000C143D7 /* SubscriptionsViewController.m */; };
		ACDFE5851BFF3D5200C143D7 /* AccountViewController.m in Sources */ = {isa = PBXBuildFile; fileRef = ACDFE5841BFF3D5200C143D7 /* AccountViewController.m */; };
/* End PBXBuildFile section */

/* Begin PBXContainerItemProxy section */
		AC605A781BFF1A1D00D22285 /* PBXContainerItemProxy */ = {
			isa = PBXContainerItemProxy;
			containerPortal = AC605A531BFF1A1C00D22285 /* Project object */;
			proxyType = 1;
			remoteGlobalIDString = AC605A5A1BFF1A1C00D22285;
			remoteInfo = YouTube;
		};
		AC605A831BFF1A1D00D22285 /* PBXContainerItemProxy */ = {
			isa = PBXContainerItemProxy;
			containerPortal = AC605A531BFF1A1C00D22285 /* Project object */;
			proxyType = 1;
			remoteGlobalIDString = AC605A5A1BFF1A1C00D22285;
			remoteInfo = YouTube;
		};
/* End PBXContainerItemProxy section */

/* Begin PBXFileReference section */
		545953A81C0C86A300272024 /* Assets.bundle */ = {isa = PBXFileReference; lastKnownFileType = "wrapper.plug-in"; path = Assets.bundle; sourceTree = "<group>"; };
		547B09711C0DFA4B00979EF3 /* YouTube.app */ = {isa = PBXFileReference; explicitFileType = wrapper.application; includeInIndex = 0; path = YouTube.app; sourceTree = BUILT_PRODUCTS_DIR; };
		547B09721C0DFA4B00979EF3 /* YouTubeTests.xctest */ = {isa = PBXFileReference; explicitFileType = wrapper.cfbundle; includeInIndex = 0; path = YouTubeTests.xctest; sourceTree = BUILT_PRODUCTS_DIR; };
		547B09731C0DFA4B00979EF3 /* YouTubeUITests.xctest */ = {isa = PBXFileReference; explicitFileType = wrapper.cfbundle; includeInIndex = 0; path = YouTubeUITests.xctest; sourceTree = BUILT_PRODUCTS_DIR; };
		547B09781C119D4200979EF3 /* YouTubeSearchResultVideo.h */ = {isa = PBXFileReference; fileEncoding = 4; lastKnownFileType = sourcecode.c.h; path = YouTubeSearchResultVideo.h; sourceTree = "<group>"; };
		547B09791C119D4200979EF3 /* YouTubeSearchResultVideo.m */ = {isa = PBXFileReference; fileEncoding = 4; lastKnownFileType = sourcecode.c.objc; path = YouTubeSearchResultVideo.m; sourceTree = "<group>"; };
		54A65A5B1C204DED00CC11A1 /* YoutubePresentedViewController.h */ = {isa = PBXFileReference; fileEncoding = 4; lastKnownFileType = sourcecode.c.h; path = YoutubePresentedViewController.h; sourceTree = "<group>"; };
		54A65A5C1C204DED00CC11A1 /* YoutubePresentedViewController.m */ = {isa = PBXFileReference; fileEncoding = 4; lastKnownFileType = sourcecode.c.objc; path = YoutubePresentedViewController.m; sourceTree = "<group>"; };
		54A65A5E1C214BEE00CC11A1 /* YouTubeSearchResult.h */ = {isa = PBXFileReference; fileEncoding = 4; lastKnownFileType = sourcecode.c.h; path = YouTubeSearchResult.h; sourceTree = "<group>"; };
		54A65A5F1C214BEE00CC11A1 /* YouTubeSearchResult.m */ = {isa = PBXFileReference; fileEncoding = 4; lastKnownFileType = sourcecode.c.objc; path = YouTubeSearchResult.m; sourceTree = "<group>"; };
		54A65A611C214E7C00CC11A1 /* YouTubeSearchResultChannel.h */ = {isa = PBXFileReference; fileEncoding = 4; lastKnownFileType = sourcecode.c.h; path = YouTubeSearchResultChannel.h; sourceTree = "<group>"; };
		54A65A621C214E7C00CC11A1 /* YouTubeSearchResultChannel.m */ = {isa = PBXFileReference; fileEncoding = 4; lastKnownFileType = sourcecode.c.objc; path = YouTubeSearchResultChannel.m; sourceTree = "<group>"; };
		A0D107569415E49ABA70229F /* libPods-YouTube.a */ = {isa = PBXFileReference; explicitFileType = archive.ar; includeInIndex = 0; path = "libPods-YouTube.a"; sourceTree = BUILT_PRODUCTS_DIR; };
		AC21C9D91C048ECC00C7CD12 /* SearchResultsTableViewCell.h */ = {isa = PBXFileReference; fileEncoding = 4; lastKnownFileType = sourcecode.c.h; path = SearchResultsTableViewCell.h; sourceTree = "<group>"; };
		AC21C9DA1C048ECC00C7CD12 /* SearchResultsTableViewCell.m */ = {isa = PBXFileReference; fileEncoding = 4; lastKnownFileType = sourcecode.c.objc; path = SearchResultsTableViewCell.m; sourceTree = "<group>"; };
		AC21C9DB1C048ECC00C7CD12 /* SearchResultsTableViewCell.xib */ = {isa = PBXFileReference; fileEncoding = 4; lastKnownFileType = file.xib; path = SearchResultsTableViewCell.xib; sourceTree = "<group>"; };
		AC21C9DF1C070F1200C7CD12 /* VideoViewController.h */ = {isa = PBXFileReference; fileEncoding = 4; lastKnownFileType = sourcecode.c.h; path = VideoViewController.h; sourceTree = "<group>"; };
		AC21C9E01C070F1200C7CD12 /* VideoViewController.m */ = {isa = PBXFileReference; fileEncoding = 4; lastKnownFileType = sourcecode.c.objc; path = VideoViewController.m; sourceTree = "<group>"; };
		AC21C9E11C070F1200C7CD12 /* VideoViewController.xib */ = {isa = PBXFileReference; fileEncoding = 4; lastKnownFileType = file.xib; path = VideoViewController.xib; sourceTree = "<group>"; };
		AC605A5F1BFF1A1C00D22285 /* main.m */ = {isa = PBXFileReference; lastKnownFileType = sourcecode.c.objc; path = main.m; sourceTree = "<group>"; };
		AC605A611BFF1A1C00D22285 /* AppDelegate.h */ = {isa = PBXFileReference; lastKnownFileType = sourcecode.c.h; path = AppDelegate.h; sourceTree = "<group>"; };
		AC605A621BFF1A1C00D22285 /* AppDelegate.m */ = {isa = PBXFileReference; lastKnownFileType = sourcecode.c.objc; path = AppDelegate.m; sourceTree = "<group>"; };
		AC605A681BFF1A1C00D22285 /* Base */ = {isa = PBXFileReference; lastKnownFileType = file.storyboard; name = Base; path = Base.lproj/Main.storyboard; sourceTree = "<group>"; };
		AC605A6B1BFF1A1C00D22285 /* YouTube.xcdatamodel */ = {isa = PBXFileReference; lastKnownFileType = wrapper.xcdatamodel; path = YouTube.xcdatamodel; sourceTree = "<group>"; };
		AC605A6D1BFF1A1C00D22285 /* Assets.xcassets */ = {isa = PBXFileReference; lastKnownFileType = folder.assetcatalog; path = Assets.xcassets; sourceTree = "<group>"; };
		AC605A701BFF1A1C00D22285 /* Base */ = {isa = PBXFileReference; lastKnownFileType = file.storyboard; name = Base; path = Base.lproj/LaunchScreen.storyboard; sourceTree = "<group>"; };
		AC605A721BFF1A1C00D22285 /* Info.plist */ = {isa = PBXFileReference; lastKnownFileType = text.plist.xml; path = Info.plist; sourceTree = "<group>"; };
		AC605A7B1BFF1A1D00D22285 /* YouTubeTests.m */ = {isa = PBXFileReference; lastKnownFileType = sourcecode.c.objc; path = YouTubeTests.m; sourceTree = "<group>"; };
		AC605A7D1BFF1A1D00D22285 /* Info.plist */ = {isa = PBXFileReference; lastKnownFileType = text.plist.xml; path = Info.plist; sourceTree = "<group>"; };
		AC605A861BFF1A1D00D22285 /* YouTubeUITests.m */ = {isa = PBXFileReference; lastKnownFileType = sourcecode.c.objc; path = YouTubeUITests.m; sourceTree = "<group>"; };
		AC605A881BFF1A1D00D22285 /* Info.plist */ = {isa = PBXFileReference; lastKnownFileType = text.plist.xml; path = Info.plist; sourceTree = "<group>"; };
		ACC88C7D1C03133100A6A42E /* YouTubeApiManager.h */ = {isa = PBXFileReference; fileEncoding = 4; lastKnownFileType = sourcecode.c.h; path = YouTubeApiManager.h; sourceTree = "<group>"; };
		ACC88C7E1C03133100A6A42E /* YouTubeApiManager.m */ = {isa = PBXFileReference; fileEncoding = 4; lastKnownFileType = sourcecode.c.objc; path = YouTubeApiManager.m; sourceTree = "<group>"; };
		ACC88C821C033B8800A6A42E /* NSURL+YouTubeAdditions.h */ = {isa = PBXFileReference; fileEncoding = 4; lastKnownFileType = sourcecode.c.h; path = "NSURL+YouTubeAdditions.h"; sourceTree = "<group>"; };
		ACC88C831C033B8800A6A42E /* NSURL+YouTubeAdditions.m */ = {isa = PBXFileReference; fileEncoding = 4; lastKnownFileType = sourcecode.c.objc; path = "NSURL+YouTubeAdditions.m"; sourceTree = "<group>"; };
		ACC88C891C034CF500A6A42E /* SearchViewController.h */ = {isa = PBXFileReference; fileEncoding = 4; lastKnownFileType = sourcecode.c.h; path = SearchViewController.h; sourceTree = "<group>"; };
		ACC88C8A1C034CF500A6A42E /* SearchViewController.m */ = {isa = PBXFileReference; fileEncoding = 4; lastKnownFileType = sourcecode.c.objc; path = SearchViewController.m; sourceTree = "<group>"; };
		ACDFE57D1BFF3BA000C143D7 /* HomeScreenViewController.h */ = {isa = PBXFileReference; fileEncoding = 4; lastKnownFileType = sourcecode.c.h; path = HomeScreenViewController.h; sourceTree = "<group>"; };
		ACDFE57E1BFF3BA000C143D7 /* HomeScreenViewController.m */ = {isa = PBXFileReference; fileEncoding = 4; lastKnownFileType = sourcecode.c.objc; path = HomeScreenViewController.m; sourceTree = "<group>"; };
		ACDFE5801BFF3D4000C143D7 /* SubscriptionsViewController.h */ = {isa = PBXFileReference; fileEncoding = 4; lastKnownFileType = sourcecode.c.h; path = SubscriptionsViewController.h; sourceTree = "<group>"; };
		ACDFE5811BFF3D4000C143D7 /* SubscriptionsViewController.m */ = {isa = PBXFileReference; fileEncoding = 4; lastKnownFileType = sourcecode.c.objc; path = SubscriptionsViewController.m; sourceTree = "<group>"; };
		ACDFE5831BFF3D5200C143D7 /* AccountViewController.h */ = {isa = PBXFileReference; fileEncoding = 4; lastKnownFileType = sourcecode.c.h; path = AccountViewController.h; sourceTree = "<group>"; };
		ACDFE5841BFF3D5200C143D7 /* AccountViewController.m */ = {isa = PBXFileReference; fileEncoding = 4; lastKnownFileType = sourcecode.c.objc; path = AccountViewController.m; sourceTree = "<group>"; };
		E4B896EAAC54DAF2ED8A87CC /* Pods-YouTube.debug.xcconfig */ = {isa = PBXFileReference; includeInIndex = 1; lastKnownFileType = text.xcconfig; name = "Pods-YouTube.debug.xcconfig"; path = "Pods/Target Support Files/Pods-YouTube/Pods-YouTube.debug.xcconfig"; sourceTree = "<group>"; };
		FEAC912A2AD98AB0D674A352 /* Pods-YouTube.release.xcconfig */ = {isa = PBXFileReference; includeInIndex = 1; lastKnownFileType = text.xcconfig; name = "Pods-YouTube.release.xcconfig"; path = "Pods/Target Support Files/Pods-YouTube/Pods-YouTube.release.xcconfig"; sourceTree = "<group>"; };
/* End PBXFileReference section */

/* Begin PBXFrameworksBuildPhase section */
		AC605A581BFF1A1C00D22285 /* Frameworks */ = {
			isa = PBXFrameworksBuildPhase;
			buildActionMask = 2147483647;
			files = (
				9DBF3131FE9309A1D9AD55CF /* libPods-YouTube.a in Frameworks */,
			);
			runOnlyForDeploymentPostprocessing = 0;
		};
		AC605A741BFF1A1D00D22285 /* Frameworks */ = {
			isa = PBXFrameworksBuildPhase;
			buildActionMask = 2147483647;
			files = (
			);
			runOnlyForDeploymentPostprocessing = 0;
		};
		AC605A7F1BFF1A1D00D22285 /* Frameworks */ = {
			isa = PBXFrameworksBuildPhase;
			buildActionMask = 2147483647;
			files = (
			);
			runOnlyForDeploymentPostprocessing = 0;
		};
/* End PBXFrameworksBuildPhase section */

/* Begin PBXGroup section */
		3EC6E90FF0459E6A0DDF3ADA /* Frameworks */ = {
			isa = PBXGroup;
			children = (
				A0D107569415E49ABA70229F /* libPods-YouTube.a */,
			);
			name = Frameworks;
			sourceTree = "<group>";
		};
		547B09741C119ABA00979EF3 /* Model */ = {
			isa = PBXGroup;
			children = (
				547B09781C119D4200979EF3 /* YouTubeSearchResultVideo.h */,
				547B09791C119D4200979EF3 /* YouTubeSearchResultVideo.m */,
				54A65A5E1C214BEE00CC11A1 /* YouTubeSearchResult.h */,
				54A65A5F1C214BEE00CC11A1 /* YouTubeSearchResult.m */,
				54A65A611C214E7C00CC11A1 /* YouTubeSearchResultChannel.h */,
				54A65A621C214E7C00CC11A1 /* YouTubeSearchResultChannel.m */,
			);
			name = Model;
			sourceTree = "<group>";
		};
		AC21C9DE1C048ED500C7CD12 /* View */ = {
			isa = PBXGroup;
			children = (
				AC21C9D91C048ECC00C7CD12 /* SearchResultsTableViewCell.h */,
				AC21C9DA1C048ECC00C7CD12 /* SearchResultsTableViewCell.m */,
				AC21C9DB1C048ECC00C7CD12 /* SearchResultsTableViewCell.xib */,
			);
			name = View;
			sourceTree = "<group>";
		};
		AC605A521BFF1A1C00D22285 = {
			isa = PBXGroup;
			children = (
				AC605A5D1BFF1A1C00D22285 /* YouTube */,
				AC605A7A1BFF1A1D00D22285 /* YouTubeTests */,
				AC605A851BFF1A1D00D22285 /* YouTubeUITests */,
				FF6349B7F208760F0A7A1768 /* Pods */,
				3EC6E90FF0459E6A0DDF3ADA /* Frameworks */,
				547B09711C0DFA4B00979EF3 /* YouTube.app */,
				547B09721C0DFA4B00979EF3 /* YouTubeTests.xctest */,
				547B09731C0DFA4B00979EF3 /* YouTubeUITests.xctest */,
			);
			sourceTree = "<group>";
		};
		AC605A5D1BFF1A1C00D22285 /* YouTube */ = {
			isa = PBXGroup;
			children = (
				AC21C9DE1C048ED500C7CD12 /* View */,
				ACC88C811C033AAE00A6A42E /* Categories */,
				ACC88C801C03133800A6A42E /* API */,
				ACDFE57C1BFF3B4500C143D7 /* ViewControllers */,
				545953A81C0C86A300272024 /* Assets.bundle */,
				AC605A611BFF1A1C00D22285 /* AppDelegate.h */,
				AC605A621BFF1A1C00D22285 /* AppDelegate.m */,
				AC605A671BFF1A1C00D22285 /* Main.storyboard */,
				AC605A6F1BFF1A1C00D22285 /* LaunchScreen.storyboard */,
				AC605A721BFF1A1C00D22285 /* Info.plist */,
				AC605A6A1BFF1A1C00D22285 /* YouTube.xcdatamodeld */,
				AC605A6D1BFF1A1C00D22285 /* Assets.xcassets */,
				AC605A5E1BFF1A1C00D22285 /* Supporting Files */,
			);
			path = YouTube;
			sourceTree = "<group>";
		};
		AC605A5E1BFF1A1C00D22285 /* Supporting Files */ = {
			isa = PBXGroup;
			children = (
				AC605A5F1BFF1A1C00D22285 /* main.m */,
			);
			name = "Supporting Files";
			sourceTree = "<group>";
		};
		AC605A7A1BFF1A1D00D22285 /* YouTubeTests */ = {
			isa = PBXGroup;
			children = (
				AC605A7B1BFF1A1D00D22285 /* YouTubeTests.m */,
				AC605A7D1BFF1A1D00D22285 /* Info.plist */,
			);
			path = YouTubeTests;
			sourceTree = "<group>";
		};
		AC605A851BFF1A1D00D22285 /* YouTubeUITests */ = {
			isa = PBXGroup;
			children = (
				AC605A861BFF1A1D00D22285 /* YouTubeUITests.m */,
				AC605A881BFF1A1D00D22285 /* Info.plist */,
			);
			path = YouTubeUITests;
			sourceTree = "<group>";
		};
		ACC88C801C03133800A6A42E /* API */ = {
			isa = PBXGroup;
			children = (
				547B09741C119ABA00979EF3 /* Model */,
				ACC88C7D1C03133100A6A42E /* YouTubeApiManager.h */,
				ACC88C7E1C03133100A6A42E /* YouTubeApiManager.m */,
			);
			name = API;
			sourceTree = "<group>";
		};
		ACC88C811C033AAE00A6A42E /* Categories */ = {
			isa = PBXGroup;
			children = (
				ACC88C821C033B8800A6A42E /* NSURL+YouTubeAdditions.h */,
				ACC88C831C033B8800A6A42E /* NSURL+YouTubeAdditions.m */,
			);
			name = Categories;
			sourceTree = "<group>";
		};
		ACDFE57C1BFF3B4500C143D7 /* ViewControllers */ = {
			isa = PBXGroup;
			children = (
				AC21C9DF1C070F1200C7CD12 /* VideoViewController.h */,
				AC21C9E01C070F1200C7CD12 /* VideoViewController.m */,
				AC21C9E11C070F1200C7CD12 /* VideoViewController.xib */,
				ACC88C891C034CF500A6A42E /* SearchViewController.h */,
				ACC88C8A1C034CF500A6A42E /* SearchViewController.m */,
				54A65A5B1C204DED00CC11A1 /* YoutubePresentedViewController.h */,
				54A65A5C1C204DED00CC11A1 /* YoutubePresentedViewController.m */,
				ACDFE57D1BFF3BA000C143D7 /* HomeScreenViewController.h */,
				ACDFE57E1BFF3BA000C143D7 /* HomeScreenViewController.m */,
				ACDFE5801BFF3D4000C143D7 /* SubscriptionsViewController.h */,
				ACDFE5811BFF3D4000C143D7 /* SubscriptionsViewController.m */,
				ACDFE5831BFF3D5200C143D7 /* AccountViewController.h */,
				ACDFE5841BFF3D5200C143D7 /* AccountViewController.m */,
			);
			name = ViewControllers;
			sourceTree = "<group>";
		};
		FF6349B7F208760F0A7A1768 /* Pods */ = {
			isa = PBXGroup;
			children = (
				E4B896EAAC54DAF2ED8A87CC /* Pods-YouTube.debug.xcconfig */,
				FEAC912A2AD98AB0D674A352 /* Pods-YouTube.release.xcconfig */,
			);
			name = Pods;
			sourceTree = "<group>";
		};
/* End PBXGroup section */

/* Begin PBXNativeTarget section */
		AC605A5A1BFF1A1C00D22285 /* YouTube */ = {
			isa = PBXNativeTarget;
			buildConfigurationList = AC605A8B1BFF1A1D00D22285 /* Build configuration list for PBXNativeTarget "YouTube" */;
			buildPhases = (
				5A9A9D1031FE747B9543E357 /* Check Pods Manifest.lock */,
				AC605A571BFF1A1C00D22285 /* Sources */,
				AC605A581BFF1A1C00D22285 /* Frameworks */,
				AC605A591BFF1A1C00D22285 /* Resources */,
				17A56FEDB693C5A29721E636 /* Embed Pods Frameworks */,
				7152B4E8EA3EE7D05B3AFB73 /* Copy Pods Resources */,
			);
			buildRules = (
			);
			dependencies = (
			);
			name = YouTube;
			productName = YouTube;
			productReference = 547B09711C0DFA4B00979EF3 /* YouTube.app */;
			productType = "com.apple.product-type.application";
		};
		AC605A761BFF1A1D00D22285 /* YouTubeTests */ = {
			isa = PBXNativeTarget;
			buildConfigurationList = AC605A8E1BFF1A1D00D22285 /* Build configuration list for PBXNativeTarget "YouTubeTests" */;
			buildPhases = (
				AC605A731BFF1A1D00D22285 /* Sources */,
				AC605A741BFF1A1D00D22285 /* Frameworks */,
				AC605A751BFF1A1D00D22285 /* Resources */,
			);
			buildRules = (
			);
			dependencies = (
				AC605A791BFF1A1D00D22285 /* PBXTargetDependency */,
			);
			name = YouTubeTests;
			productName = YouTubeTests;
			productReference = 547B09721C0DFA4B00979EF3 /* YouTubeTests.xctest */;
			productType = "com.apple.product-type.bundle.unit-test";
		};
		AC605A811BFF1A1D00D22285 /* YouTubeUITests */ = {
			isa = PBXNativeTarget;
			buildConfigurationList = AC605A911BFF1A1D00D22285 /* Build configuration list for PBXNativeTarget "YouTubeUITests" */;
			buildPhases = (
				AC605A7E1BFF1A1D00D22285 /* Sources */,
				AC605A7F1BFF1A1D00D22285 /* Frameworks */,
				AC605A801BFF1A1D00D22285 /* Resources */,
			);
			buildRules = (
			);
			dependencies = (
				AC605A841BFF1A1D00D22285 /* PBXTargetDependency */,
			);
			name = YouTubeUITests;
			productName = YouTubeUITests;
			productReference = 547B09731C0DFA4B00979EF3 /* YouTubeUITests.xctest */;
			productType = "com.apple.product-type.bundle.ui-testing";
		};
/* End PBXNativeTarget section */

/* Begin PBXProject section */
		AC605A531BFF1A1C00D22285 /* Project object */ = {
			isa = PBXProject;
			attributes = {
				LastUpgradeCheck = 0710;
				ORGANIZATIONNAME = "Vamsi Krishna";
				TargetAttributes = {
					AC605A5A1BFF1A1C00D22285 = {
						CreatedOnToolsVersion = 7.1.1;
					};
					AC605A761BFF1A1D00D22285 = {
						CreatedOnToolsVersion = 7.1.1;
						TestTargetID = AC605A5A1BFF1A1C00D22285;
					};
					AC605A811BFF1A1D00D22285 = {
						CreatedOnToolsVersion = 7.1.1;
						TestTargetID = AC605A5A1BFF1A1C00D22285;
					};
				};
			};
			buildConfigurationList = AC605A561BFF1A1C00D22285 /* Build configuration list for PBXProject "YouTube" */;
			compatibilityVersion = "Xcode 3.2";
			developmentRegion = English;
			hasScannedForEncodings = 0;
			knownRegions = (
				en,
				Base,
			);
			mainGroup = AC605A521BFF1A1C00D22285;
			productRefGroup = AC605A521BFF1A1C00D22285;
			projectDirPath = "";
			projectRoot = "";
			targets = (
				AC605A5A1BFF1A1C00D22285 /* YouTube */,
				AC605A761BFF1A1D00D22285 /* YouTubeTests */,
				AC605A811BFF1A1D00D22285 /* YouTubeUITests */,
			);
		};
/* End PBXProject section */

/* Begin PBXResourcesBuildPhase section */
		AC605A591BFF1A1C00D22285 /* Resources */ = {
			isa = PBXResourcesBuildPhase;
			buildActionMask = 2147483647;
			files = (
				AC605A711BFF1A1C00D22285 /* LaunchScreen.storyboard in Resources */,
				AC605A6E1BFF1A1C00D22285 /* Assets.xcassets in Resources */,
				545953A91C0C86A300272024 /* Assets.bundle in Resources */,
				AC21C9DD1C048ECC00C7CD12 /* SearchResultsTableViewCell.xib in Resources */,
				AC21C9E31C070F1200C7CD12 /* VideoViewController.xib in Resources */,
				AC605A691BFF1A1C00D22285 /* Main.storyboard in Resources */,
			);
			runOnlyForDeploymentPostprocessing = 0;
		};
		AC605A751BFF1A1D00D22285 /* Resources */ = {
			isa = PBXResourcesBuildPhase;
			buildActionMask = 2147483647;
			files = (
			);
			runOnlyForDeploymentPostprocessing = 0;
		};
		AC605A801BFF1A1D00D22285 /* Resources */ = {
			isa = PBXResourcesBuildPhase;
			buildActionMask = 2147483647;
			files = (
			);
			runOnlyForDeploymentPostprocessing = 0;
		};
/* End PBXResourcesBuildPhase section */

/* Begin PBXShellScriptBuildPhase section */
		17A56FEDB693C5A29721E636 /* Embed Pods Frameworks */ = {
			isa = PBXShellScriptBuildPhase;
			buildActionMask = 2147483647;
			files = (
			);
			inputPaths = (
			);
			name = "Embed Pods Frameworks";
			outputPaths = (
			);
			runOnlyForDeploymentPostprocessing = 0;
			shellPath = /bin/sh;
			shellScript = "\"${SRCROOT}/Pods/Target Support Files/Pods-YouTube/Pods-YouTube-frameworks.sh\"\n";
			showEnvVarsInLog = 0;
		};
		5A9A9D1031FE747B9543E357 /* Check Pods Manifest.lock */ = {
			isa = PBXShellScriptBuildPhase;
			buildActionMask = 2147483647;
			files = (
			);
			inputPaths = (
			);
			name = "Check Pods Manifest.lock";
			outputPaths = (
			);
			runOnlyForDeploymentPostprocessing = 0;
			shellPath = /bin/sh;
			shellScript = "diff \"${PODS_ROOT}/../Podfile.lock\" \"${PODS_ROOT}/Manifest.lock\" > /dev/null\nif [[ $? != 0 ]] ; then\n    cat << EOM\nerror: The sandbox is not in sync with the Podfile.lock. Run 'pod install' or update your CocoaPods installation.\nEOM\n    exit 1\nfi\n";
			showEnvVarsInLog = 0;
		};
		7152B4E8EA3EE7D05B3AFB73 /* Copy Pods Resources */ = {
			isa = PBXShellScriptBuildPhase;
			buildActionMask = 2147483647;
			files = (
			);
			inputPaths = (
			);
			name = "Copy Pods Resources";
			outputPaths = (
			);
			runOnlyForDeploymentPostprocessing = 0;
			shellPath = /bin/sh;
			shellScript = "\"${SRCROOT}/Pods/Target Support Files/Pods-YouTube/Pods-YouTube-resources.sh\"\n";
			showEnvVarsInLog = 0;
		};
/* End PBXShellScriptBuildPhase section */

/* Begin PBXSourcesBuildPhase section */
		AC605A571BFF1A1C00D22285 /* Sources */ = {
			isa = PBXSourcesBuildPhase;
			buildActionMask = 2147483647;
			files = (
				ACDFE5821BFF3D4000C143D7 /* SubscriptionsViewController.m in Sources */,
				AC605A6C1BFF1A1C00D22285 /* YouTube.xcdatamodeld in Sources */,
				AC21C9E21C070F1200C7CD12 /* VideoViewController.m in Sources */,
				ACDFE57F1BFF3BA000C143D7 /* HomeScreenViewController.m in Sources */,
				AC605A631BFF1A1C00D22285 /* AppDelegate.m in Sources */,
				ACC88C8C1C034CF500A6A42E /* SearchViewController.m in Sources */,
				547B097A1C119D4200979EF3 /* YouTubeSearchResultVideo.m in Sources */,
				54A65A5D1C204DED00CC11A1 /* YoutubePresentedViewController.m in Sources */,
				ACDFE5851BFF3D5200C143D7 /* AccountViewController.m in Sources */,
				ACC88C7F1C03133100A6A42E /* YouTubeApiManager.m in Sources */,
				ACC88C841C033B8800A6A42E /* NSURL+YouTubeAdditions.m in Sources */,
				AC21C9DC1C048ECC00C7CD12 /* SearchResultsTableViewCell.m in Sources */,
				54A65A631C214E7C00CC11A1 /* YouTubeSearchResultChannel.m in Sources */,
				54A65A601C214BEE00CC11A1 /* YouTubeSearchResult.m in Sources */,
				AC605A601BFF1A1C00D22285 /* main.m in Sources */,
			);
			runOnlyForDeploymentPostprocessing = 0;
		};
		AC605A731BFF1A1D00D22285 /* Sources */ = {
			isa = PBXSourcesBuildPhase;
			buildActionMask = 2147483647;
			files = (
				AC605A7C1BFF1A1D00D22285 /* YouTubeTests.m in Sources */,
			);
			runOnlyForDeploymentPostprocessing = 0;
		};
		AC605A7E1BFF1A1D00D22285 /* Sources */ = {
			isa = PBXSourcesBuildPhase;
			buildActionMask = 2147483647;
			files = (
				AC605A871BFF1A1D00D22285 /* YouTubeUITests.m in Sources */,
			);
			runOnlyForDeploymentPostprocessing = 0;
		};
/* End PBXSourcesBuildPhase section */

/* Begin PBXTargetDependency section */
		AC605A791BFF1A1D00D22285 /* PBXTargetDependency */ = {
			isa = PBXTargetDependency;
			target = AC605A5A1BFF1A1C00D22285 /* YouTube */;
			targetProxy = AC605A781BFF1A1D00D22285 /* PBXContainerItemProxy */;
		};
		AC605A841BFF1A1D00D22285 /* PBXTargetDependency */ = {
			isa = PBXTargetDependency;
			target = AC605A5A1BFF1A1C00D22285 /* YouTube */;
			targetProxy = AC605A831BFF1A1D00D22285 /* PBXContainerItemProxy */;
		};
/* End PBXTargetDependency section */

/* Begin PBXVariantGroup section */
		AC605A671BFF1A1C00D22285 /* Main.storyboard */ = {
			isa = PBXVariantGroup;
			children = (
				AC605A681BFF1A1C00D22285 /* Base */,
			);
			name = Main.storyboard;
			sourceTree = "<group>";
		};
		AC605A6F1BFF1A1C00D22285 /* LaunchScreen.storyboard */ = {
			isa = PBXVariantGroup;
			children = (
				AC605A701BFF1A1C00D22285 /* Base */,
			);
			name = LaunchScreen.storyboard;
			sourceTree = "<group>";
		};
/* End PBXVariantGroup section */

/* Begin XCBuildConfiguration section */
		AC605A891BFF1A1D00D22285 /* Debug */ = {
			isa = XCBuildConfiguration;
			buildSettings = {
				ALWAYS_SEARCH_USER_PATHS = NO;
				CLANG_CXX_LANGUAGE_STANDARD = "gnu++0x";
				CLANG_CXX_LIBRARY = "libc++";
				CLANG_ENABLE_MODULES = YES;
				CLANG_ENABLE_OBJC_ARC = YES;
				CLANG_WARN_BOOL_CONVERSION = YES;
				CLANG_WARN_CONSTANT_CONVERSION = YES;
				CLANG_WARN_DIRECT_OBJC_ISA_USAGE = YES_ERROR;
				CLANG_WARN_EMPTY_BODY = YES;
				CLANG_WARN_ENUM_CONVERSION = YES;
				CLANG_WARN_INT_CONVERSION = YES;
				CLANG_WARN_OBJC_ROOT_CLASS = YES_ERROR;
				CLANG_WARN_UNREACHABLE_CODE = YES;
				CLANG_WARN__DUPLICATE_METHOD_MATCH = YES;
				"CODE_SIGN_IDENTITY[sdk=iphoneos*]" = "iPhone Developer";
				COPY_PHASE_STRIP = NO;
				DEBUG_INFORMATION_FORMAT = dwarf;
				ENABLE_STRICT_OBJC_MSGSEND = YES;
				ENABLE_TESTABILITY = YES;
				GCC_C_LANGUAGE_STANDARD = gnu99;
				GCC_DYNAMIC_NO_PIC = NO;
				GCC_NO_COMMON_BLOCKS = YES;
				GCC_OPTIMIZATION_LEVEL = 0;
				GCC_PREPROCESSOR_DEFINITIONS = (
					"DEBUG=1",
					"$(inherited)",
				);
				GCC_WARN_64_TO_32_BIT_CONVERSION = YES;
				GCC_WARN_ABOUT_RETURN_TYPE = YES_ERROR;
				GCC_WARN_UNDECLARED_SELECTOR = YES;
				GCC_WARN_UNINITIALIZED_AUTOS = YES_AGGRESSIVE;
				GCC_WARN_UNUSED_FUNCTION = YES;
				GCC_WARN_UNUSED_VARIABLE = YES;
				IPHONEOS_DEPLOYMENT_TARGET = 9.1;
				MTL_ENABLE_DEBUG_INFO = YES;
				ONLY_ACTIVE_ARCH = YES;
				SDKROOT = iphoneos;
			};
			name = Debug;
		};
		AC605A8A1BFF1A1D00D22285 /* Release */ = {
			isa = XCBuildConfiguration;
			buildSettings = {
				ALWAYS_SEARCH_USER_PATHS = NO;
				CLANG_CXX_LANGUAGE_STANDARD = "gnu++0x";
				CLANG_CXX_LIBRARY = "libc++";
				CLANG_ENABLE_MODULES = YES;
				CLANG_ENABLE_OBJC_ARC = YES;
				CLANG_WARN_BOOL_CONVERSION = YES;
				CLANG_WARN_CONSTANT_CONVERSION = YES;
				CLANG_WARN_DIRECT_OBJC_ISA_USAGE = YES_ERROR;
				CLANG_WARN_EMPTY_BODY = YES;
				CLANG_WARN_ENUM_CONVERSION = YES;
				CLANG_WARN_INT_CONVERSION = YES;
				CLANG_WARN_OBJC_ROOT_CLASS = YES_ERROR;
				CLANG_WARN_UNREACHABLE_CODE = YES;
				CLANG_WARN__DUPLICATE_METHOD_MATCH = YES;
				"CODE_SIGN_IDENTITY[sdk=iphoneos*]" = "iPhone Developer";
				COPY_PHASE_STRIP = NO;
				DEBUG_INFORMATION_FORMAT = "dwarf-with-dsym";
				ENABLE_NS_ASSERTIONS = NO;
				ENABLE_STRICT_OBJC_MSGSEND = YES;
				GCC_C_LANGUAGE_STANDARD = gnu99;
				GCC_NO_COMMON_BLOCKS = YES;
				GCC_WARN_64_TO_32_BIT_CONVERSION = YES;
				GCC_WARN_ABOUT_RETURN_TYPE = YES_ERROR;
				GCC_WARN_UNDECLARED_SELECTOR = YES;
				GCC_WARN_UNINITIALIZED_AUTOS = YES_AGGRESSIVE;
				GCC_WARN_UNUSED_FUNCTION = YES;
				GCC_WARN_UNUSED_VARIABLE = YES;
				IPHONEOS_DEPLOYMENT_TARGET = 9.1;
				MTL_ENABLE_DEBUG_INFO = NO;
				SDKROOT = iphoneos;
				VALIDATE_PRODUCT = YES;
			};
			name = Release;
		};
		AC605A8C1BFF1A1D00D22285 /* Debug */ = {
			isa = XCBuildConfiguration;
			baseConfigurationReference = E4B896EAAC54DAF2ED8A87CC /* Pods-YouTube.debug.xcconfig */;
			buildSettings = {
				ASSETCATALOG_COMPILER_APPICON_NAME = AppIcon;
				INFOPLIST_FILE = YouTube/Info.plist;
				IPHONEOS_DEPLOYMENT_TARGET = 9.0;
				LD_RUNPATH_SEARCH_PATHS = "$(inherited) @executable_path/Frameworks";
				PRODUCT_BUNDLE_IDENTIFIER = in.zeta.ios.vamsi.YouTube;
				PRODUCT_NAME = "$(TARGET_NAME)";
			};
			name = Debug;
		};
		AC605A8D1BFF1A1D00D22285 /* Release */ = {
			isa = XCBuildConfiguration;
			baseConfigurationReference = FEAC912A2AD98AB0D674A352 /* Pods-YouTube.release.xcconfig */;
			buildSettings = {
				ASSETCATALOG_COMPILER_APPICON_NAME = AppIcon;
				INFOPLIST_FILE = YouTube/Info.plist;
				IPHONEOS_DEPLOYMENT_TARGET = 9.0;
				LD_RUNPATH_SEARCH_PATHS = "$(inherited) @executable_path/Frameworks";
				PRODUCT_BUNDLE_IDENTIFIER = in.zeta.ios.vamsi.YouTube;
				PRODUCT_NAME = "$(TARGET_NAME)";
			};
			name = Release;
		};
		AC605A8F1BFF1A1D00D22285 /* Debug */ = {
			isa = XCBuildConfiguration;
			buildSettings = {
				BUNDLE_LOADER = "$(TEST_HOST)";
				INFOPLIST_FILE = YouTubeTests/Info.plist;
				LD_RUNPATH_SEARCH_PATHS = "$(inherited) @executable_path/Frameworks @loader_path/Frameworks";
				PRODUCT_BUNDLE_IDENTIFIER = in.zeta.ios.vamsi.YouTubeTests;
				PRODUCT_NAME = "$(TARGET_NAME)";
				TEST_HOST = "$(BUILT_PRODUCTS_DIR)/YouTube.app/YouTube";
			};
			name = Debug;
		};
		AC605A901BFF1A1D00D22285 /* Release */ = {
			isa = XCBuildConfiguration;
			buildSettings = {
				BUNDLE_LOADER = "$(TEST_HOST)";
				INFOPLIST_FILE = YouTubeTests/Info.plist;
				LD_RUNPATH_SEARCH_PATHS = "$(inherited) @executable_path/Frameworks @loader_path/Frameworks";
				PRODUCT_BUNDLE_IDENTIFIER = in.zeta.ios.vamsi.YouTubeTests;
				PRODUCT_NAME = "$(TARGET_NAME)";
				TEST_HOST = "$(BUILT_PRODUCTS_DIR)/YouTube.app/YouTube";
			};
			name = Release;
		};
		AC605A921BFF1A1D00D22285 /* Debug */ = {
			isa = XCBuildConfiguration;
			buildSettings = {
				INFOPLIST_FILE = YouTubeUITests/Info.plist;
				LD_RUNPATH_SEARCH_PATHS = "$(inherited) @executable_path/Frameworks @loader_path/Frameworks";
				PRODUCT_BUNDLE_IDENTIFIER = in.zeta.ios.vamsi.YouTubeUITests;
				PRODUCT_NAME = "$(TARGET_NAME)";
				TEST_TARGET_NAME = YouTube;
				USES_XCTRUNNER = YES;
			};
			name = Debug;
		};
		AC605A931BFF1A1D00D22285 /* Release */ = {
			isa = XCBuildConfiguration;
			buildSettings = {
				INFOPLIST_FILE = YouTubeUITests/Info.plist;
				LD_RUNPATH_SEARCH_PATHS = "$(inherited) @executable_path/Frameworks @loader_path/Frameworks";
				PRODUCT_BUNDLE_IDENTIFIER = in.zeta.ios.vamsi.YouTubeUITests;
				PRODUCT_NAME = "$(TARGET_NAME)";
				TEST_TARGET_NAME = YouTube;
				USES_XCTRUNNER = YES;
			};
			name = Release;
		};
/* End XCBuildConfiguration section */

/* Begin XCConfigurationList section */
		AC605A561BFF1A1C00D22285 /* Build configuration list for PBXProject "YouTube" */ = {
			isa = XCConfigurationList;
			buildConfigurations = (
				AC605A891BFF1A1D00D22285 /* Debug */,
				AC605A8A1BFF1A1D00D22285 /* Release */,
			);
			defaultConfigurationIsVisible = 0;
			defaultConfigurationName = Release;
		};
		AC605A8B1BFF1A1D00D22285 /* Build configuration list for PBXNativeTarget "YouTube" */ = {
			isa = XCConfigurationList;
			buildConfigurations = (
				AC605A8C1BFF1A1D00D22285 /* Debug */,
				AC605A8D1BFF1A1D00D22285 /* Release */,
			);
			defaultConfigurationIsVisible = 0;
			defaultConfigurationName = Release;
		};
		AC605A8E1BFF1A1D00D22285 /* Build configuration list for PBXNativeTarget "YouTubeTests" */ = {
			isa = XCConfigurationList;
			buildConfigurations = (
				AC605A8F1BFF1A1D00D22285 /* Debug */,
				AC605A901BFF1A1D00D22285 /* Release */,
			);
			defaultConfigurationIsVisible = 0;
			defaultConfigurationName = Release;
		};
		AC605A911BFF1A1D00D22285 /* Build configuration list for PBXNativeTarget "YouTubeUITests" */ = {
			isa = XCConfigurationList;
			buildConfigurations = (
				AC605A921BFF1A1D00D22285 /* Debug */,
				AC605A931BFF1A1D00D22285 /* Release */,
			);
			defaultConfigurationIsVisible = 0;
			defaultConfigurationName = Release;
		};
/* End XCConfigurationList section */

/* Begin XCVersionGroup section */
		AC605A6A1BFF1A1C00D22285 /* YouTube.xcdatamodeld */ = {
			isa = XCVersionGroup;
			children = (
				AC605A6B1BFF1A1C00D22285 /* YouTube.xcdatamodel */,
			);
			currentVersion = AC605A6B1BFF1A1C00D22285 /* YouTube.xcdatamodel */;
			path = YouTube.xcdatamodeld;
			sourceTree = "<group>";
			versionGroupType = wrapper.xcdatamodel;
		};
/* End XCVersionGroup section */
	};
	rootObject = AC605A531BFF1A1C00D22285 /* Project object */;
}
